
Microsoft Visual Studio Solution File, Format Version 12.00
# Visual Studio 15
VisualStudioVersion = 15.0.28010.2003
MinimumVisualStudioVersion = 10.0.40219.1
Project("{9A19103F-16F7-4668-BE54-9A1E7A4F7556}") = "SIS.WebServer", "SIS.WebServer\SIS.WebServer.csproj", "{9069BFBB-817C-4FA4-A980-E20E9DD7A469}"
EndProject
Project("{9A19103F-16F7-4668-BE54-9A1E7A4F7556}") = "SIS.HTTP", "SIS.HTTP\SIS.HTTP.csproj", "{9C8ADFD1-16AE-4365-A160-A1C6091A0509}"
EndProject
Project("{9A19103F-16F7-4668-BE54-9A1E7A4F7556}") = "SIS.Framework", "SIS.Framework\SIS.Framework.csproj", "{035FAB55-6E4D-4C26-AB35-DBB6332CBE58}"
EndProject
Project("{9A19103F-16F7-4668-BE54-9A1E7A4F7556}") = "SIS.Demo", "SIS.Demo\SIS.Demo.csproj", "{4C6C0396-E6E3-44EE-9045-819645574AC6}"
EndProject
Project("{2150E333-8FDC-42A3-9474-1A3956D46DE8}") = "CHUSHKA", "CHUSHKA", "{2F68E409-007B-4449-80B8-9359760D25EE}"
EndProject
Project("{9A19103F-16F7-4668-BE54-9A1E7A4F7556}") = "Chushka.Web", "Chushka.Web\Chushka.Web.csproj", "{69983AB7-A508-4726-91D0-4508C28BC3CF}"
EndProject
Project("{9A19103F-16F7-4668-BE54-9A1E7A4F7556}") = "Chushka.Data", "Chushka.Data\Chushka.Data.csproj", "{C63480D9-2C2F-4946-9317-1DE05CCB65B4}"
EndProject
Project("{9A19103F-16F7-4668-BE54-9A1E7A4F7556}") = "Chushka.Models", "Chushka.Models\Chushka.Models.csproj", "{86660609-2FE4-45C2-ACE5-E7E322091EDF}"
EndProject
Project("{2150E333-8FDC-42A3-9474-1A3956D46DE8}") = "TORSHIA", "TORSHIA", "{FD401E8B-B1F3-4DEA-ABB7-31062DB2302D}"
EndProject
Project("{9A19103F-16F7-4668-BE54-9A1E7A4F7556}") = "TORSHIA.Models", "TORSHIA.Modelss\TORSHIA.Models.csproj", "{776F3BED-0C6E-4532-97BD-FCF0BB0AA3BD}"
EndProject
Project("{9A19103F-16F7-4668-BE54-9A1E7A4F7556}") = "TORSHIA.Data", "TORSHIA.Data\TORSHIA.Data.csproj", "{F79277F3-C1F6-4B45-BAD1-84A5D1D64A7D}"
EndProject
Project("{9A19103F-16F7-4668-BE54-9A1E7A4F7556}") = "TORSHIA.Web", "TORSHIA.Web\TORSHIA.Web.csproj", "{42BECE92-AEC7-4CDE-A562-FE59E9C1F904}"
EndProject
Global
	GlobalSection(SolutionConfigurationPlatforms) = preSolution
		Debug|Any CPU = Debug|Any CPU
		Release|Any CPU = Release|Any CPU
	EndGlobalSection
	GlobalSection(ProjectConfigurationPlatforms) = postSolution
		{9069BFBB-817C-4FA4-A980-E20E9DD7A469}.Debug|Any CPU.ActiveCfg = Debug|Any CPU
		{9069BFBB-817C-4FA4-A980-E20E9DD7A469}.Debug|Any CPU.Build.0 = Debug|Any CPU
		{9069BFBB-817C-4FA4-A980-E20E9DD7A469}.Release|Any CPU.ActiveCfg = Release|Any CPU
		{9069BFBB-817C-4FA4-A980-E20E9DD7A469}.Release|Any CPU.Build.0 = Release|Any CPU
		{9C8ADFD1-16AE-4365-A160-A1C6091A0509}.Debug|Any CPU.ActiveCfg = Debug|Any CPU
		{9C8ADFD1-16AE-4365-A160-A1C6091A0509}.Debug|Any CPU.Build.0 = Debug|Any CPU
		{9C8ADFD1-16AE-4365-A160-A1C6091A0509}.Release|Any CPU.ActiveCfg = Release|Any CPU
		{9C8ADFD1-16AE-4365-A160-A1C6091A0509}.Release|Any CPU.Build.0 = Release|Any CPU
		{035FAB55-6E4D-4C26-AB35-DBB6332CBE58}.Debug|Any CPU.ActiveCfg = Debug|Any CPU
		{035FAB55-6E4D-4C26-AB35-DBB6332CBE58}.Debug|Any CPU.Build.0 = Debug|Any CPU
		{035FAB55-6E4D-4C26-AB35-DBB6332CBE58}.Release|Any CPU.ActiveCfg = Release|Any CPU
		{035FAB55-6E4D-4C26-AB35-DBB6332CBE58}.Release|Any CPU.Build.0 = Release|Any CPU
		{4C6C0396-E6E3-44EE-9045-819645574AC6}.Debug|Any CPU.ActiveCfg = Debug|Any CPU
		{4C6C0396-E6E3-44EE-9045-819645574AC6}.Debug|Any CPU.Build.0 = Debug|Any CPU
		{4C6C0396-E6E3-44EE-9045-819645574AC6}.Release|Any CPU.ActiveCfg = Release|Any CPU
		{4C6C0396-E6E3-44EE-9045-819645574AC6}.Release|Any CPU.Build.0 = Release|Any CPU
		{69983AB7-A508-4726-91D0-4508C28BC3CF}.Debug|Any CPU.ActiveCfg = Debug|Any CPU
		{69983AB7-A508-4726-91D0-4508C28BC3CF}.Debug|Any CPU.Build.0 = Debug|Any CPU
		{69983AB7-A508-4726-91D0-4508C28BC3CF}.Release|Any CPU.ActiveCfg = Release|Any CPU
		{69983AB7-A508-4726-91D0-4508C28BC3CF}.Release|Any CPU.Build.0 = Release|Any CPU
		{C63480D9-2C2F-4946-9317-1DE05CCB65B4}.Debug|Any CPU.ActiveCfg = Debug|Any CPU
		{C63480D9-2C2F-4946-9317-1DE05CCB65B4}.Debug|Any CPU.Build.0 = Debug|Any CPU
		{C63480D9-2C2F-4946-9317-1DE05CCB65B4}.Release|Any CPU.ActiveCfg = Release|Any CPU
		{C63480D9-2C2F-4946-9317-1DE05CCB65B4}.Release|Any CPU.Build.0 = Release|Any CPU
		{86660609-2FE4-45C2-ACE5-E7E322091EDF}.Debug|Any CPU.ActiveCfg = Debug|Any CPU
		{86660609-2FE4-45C2-ACE5-E7E322091EDF}.Debug|Any CPU.Build.0 = Debug|Any CPU
		{86660609-2FE4-45C2-ACE5-E7E322091EDF}.Release|Any CPU.ActiveCfg = Release|Any CPU
		{86660609-2FE4-45C2-ACE5-E7E322091EDF}.Release|Any CPU.Build.0 = Release|Any CPU
		{776F3BED-0C6E-4532-97BD-FCF0BB0AA3BD}.Debug|Any CPU.ActiveCfg = Debug|Any CPU
		{776F3BED-0C6E-4532-97BD-FCF0BB0AA3BD}.Debug|Any CPU.Build.0 = Debug|Any CPU
		{776F3BED-0C6E-4532-97BD-FCF0BB0AA3BD}.Release|Any CPU.ActiveCfg = Release|Any CPU
		{776F3BED-0C6E-4532-97BD-FCF0BB0AA3BD}.Release|Any CPU.Build.0 = Release|Any CPU
		{F79277F3-C1F6-4B45-BAD1-84A5D1D64A7D}.Debug|Any CPU.ActiveCfg = Debug|Any CPU
		{F79277F3-C1F6-4B45-BAD1-84A5D1D64A7D}.Debug|Any CPU.Build.0 = Debug|Any CPU
		{F79277F3-C1F6-4B45-BAD1-84A5D1D64A7D}.Release|Any CPU.ActiveCfg = Release|Any CPU
		{F79277F3-C1F6-4B45-BAD1-84A5D1D64A7D}.Release|Any CPU.Build.0 = Release|Any CPU
		{42BECE92-AEC7-4CDE-A562-FE59E9C1F904}.Debug|Any CPU.ActiveCfg = Debug|Any CPU
		{42BECE92-AEC7-4CDE-A562-FE59E9C1F904}.Debug|Any CPU.Build.0 = Debug|Any CPU
		{42BECE92-AEC7-4CDE-A562-FE59E9C1F904}.Release|Any CPU.ActiveCfg = Release|Any CPU
		{42BECE92-AEC7-4CDE-A562-FE59E9C1F904}.Release|Any CPU.Build.0 = Release|Any CPU
	EndGlobalSection
	GlobalSection(SolutionProperties) = preSolution
		HideSolutionNode = FALSE
	EndGlobalSection
	GlobalSection(NestedProjects) = preSolution
		{69983AB7-A508-4726-91D0-4508C28BC3CF} = {2F68E409-007B-4449-80B8-9359760D25EE}
		{C63480D9-2C2F-4946-9317-1DE05CCB65B4} = {2F68E409-007B-4449-80B8-9359760D25EE}
		{86660609-2FE4-45C2-ACE5-E7E322091EDF} = {2F68E409-007B-4449-80B8-9359760D25EE}
		{776F3BED-0C6E-4532-97BD-FCF0BB0AA3BD} = {FD401E8B-B1F3-4DEA-ABB7-31062DB2302D}
		{F79277F3-C1F6-4B45-BAD1-84A5D1D64A7D} = {FD401E8B-B1F3-4DEA-ABB7-31062DB2302D}
		{42BECE92-AEC7-4CDE-A562-FE59E9C1F904} = {FD401E8B-B1F3-4DEA-ABB7-31062DB2302D}
	EndGlobalSection
	GlobalSection(ExtensibilityGlobals) = postSolution
		SolutionGuid = {7DDABD09-DCFC-4DD2-996C-EDD241D1D1F0}
	EndGlobalSection
EndGlobal
