
Microsoft Visual Studio Solution File, Format Version 12.00
# Visual Studio 15
VisualStudioVersion = 15.0.28010.2036
MinimumVisualStudioVersion = 10.0.40219.1
Project("{FAE04EC0-301F-11D3-BF4B-00C04F79EFBC}") = "URL Decode", "URL Decode\URL Decode.csproj", "{051034BA-9B05-4F40-A42E-EA84F350B413}"
EndProject
Project("{FAE04EC0-301F-11D3-BF4B-00C04F79EFBC}") = "Validate URL", "Validate URL\Validate URL.csproj", "{9C2FE466-F336-42B4-915F-4955B28BEBED}"
EndProject
Project("{FAE04EC0-301F-11D3-BF4B-00C04F79EFBC}") = "Request Parser", "Request Parser\Request Parser.csproj", "{30BB3487-187C-4688-9A83-0DA5872E4CA6}"
EndProject
Global
	GlobalSection(SolutionConfigurationPlatforms) = preSolution
		Debug|Any CPU = Debug|Any CPU
		Release|Any CPU = Release|Any CPU
	EndGlobalSection
	GlobalSection(ProjectConfigurationPlatforms) = postSolution
		{051034BA-9B05-4F40-A42E-EA84F350B413}.Debug|Any CPU.ActiveCfg = Debug|Any CPU
		{051034BA-9B05-4F40-A42E-EA84F350B413}.Debug|Any CPU.Build.0 = Debug|Any CPU
		{051034BA-9B05-4F40-A42E-EA84F350B413}.Release|Any CPU.ActiveCfg = Release|Any CPU
		{051034BA-9B05-4F40-A42E-EA84F350B413}.Release|Any CPU.Build.0 = Release|Any CPU
		{9C2FE466-F336-42B4-915F-4955B28BEBED}.Debug|Any CPU.ActiveCfg = Debug|Any CPU
		{9C2FE466-F336-42B4-915F-4955B28BEBED}.Debug|Any CPU.Build.0 = Debug|Any CPU
		{9C2FE466-F336-42B4-915F-4955B28BEBED}.Release|Any CPU.ActiveCfg = Release|Any CPU
		{9C2FE466-F336-42B4-915F-4955B28BEBED}.Release|Any CPU.Build.0 = Release|Any CPU
		{30BB3487-187C-4688-9A83-0DA5872E4CA6}.Debug|Any CPU.ActiveCfg = Debug|Any CPU
		{30BB3487-187C-4688-9A83-0DA5872E4CA6}.Debug|Any CPU.Build.0 = Debug|Any CPU
		{30BB3487-187C-4688-9A83-0DA5872E4CA6}.Release|Any CPU.ActiveCfg = Release|Any CPU
		{30BB3487-187C-4688-9A83-0DA5872E4CA6}.Release|Any CPU.Build.0 = Release|Any CPU
	EndGlobalSection
	GlobalSection(SolutionProperties) = preSolution
		HideSolutionNode = FALSE
	EndGlobalSection
	GlobalSection(ExtensibilityGlobals) = postSolution
		SolutionGuid = {EDB05AF0-54F5-40FB-8C54-4B83BC093DB8}
	EndGlobalSection
EndGlobal
